
Microsoft Visual Studio Solution File, Format Version 12.00
# Visual Studio Version 16
VisualStudioVersion = 16.0.31702.278
MinimumVisualStudioVersion = 10.0.40219.1
Project("{FAE04EC0-301F-11D3-BF4B-00C04F79EFBC}") = "TypeScriptPractice1", "TypeScriptPractice1\TypeScriptPractice1.csproj", "{055EBE90-41A2-46B5-BB9D-050DFAA41EDF}"
EndProject
Global
	GlobalSection(SolutionConfigurationPlatforms) = preSolution
		Debug|Any CPU = Debug|Any CPU
		Release|Any CPU = Release|Any CPU
	EndGlobalSection
	GlobalSection(ProjectConfigurationPlatforms) = postSolution
		{055EBE90-41A2-46B5-BB9D-050DFAA41EDF}.Debug|Any CPU.ActiveCfg = Debug|Any CPU
		{055EBE90-41A2-46B5-BB9D-050DFAA41EDF}.Debug|Any CPU.Build.0 = Debug|Any CPU
		{055EBE90-41A2-46B5-BB9D-050DFAA41EDF}.Release|Any CPU.ActiveCfg = Release|Any CPU
		{055EBE90-41A2-46B5-BB9D-050DFAA41EDF}.Release|Any CPU.Build.0 = Release|Any CPU
	EndGlobalSection
	GlobalSection(SolutionProperties) = preSolution
		HideSolutionNode = FALSE
	EndGlobalSection
	GlobalSection(ExtensibilityGlobals) = postSolution
		SolutionGuid = {C62948CB-79B2-4E9A-910C-146BE9AE9391}
	EndGlobalSection
EndGlobal
